
Microsoft Visual Studio Solution File, Format Version 12.00
# Visual Studio Version 16
VisualStudioVersion = 16.0.29905.134
MinimumVisualStudioVersion = 10.0.40219.1
Project("{FAE04EC0-301F-11D3-BF4B-00C04F79EFBC}") = "AIF.WMS", "AIF.WMS\AIF.WMS.csproj", "{6EDB0DBE-FA16-4EC5-8CF9-D025CE4EEEA2}"
EndProject
Global
	GlobalSection(SolutionConfigurationPlatforms) = preSolution
		Debug|Any CPU = Debug|Any CPU
		Debug|x64 = Debug|x64
		Debug|x86 = Debug|x86
		Release|Any CPU = Release|Any CPU
		Release|x64 = Release|x64
		Release|x86 = Release|x86
	EndGlobalSection
	GlobalSection(ProjectConfigurationPlatforms) = postSolution
		{6EDB0DBE-FA16-4EC5-8CF9-D025CE4EEEA2}.Debug|Any CPU.ActiveCfg = Debug|x86
		{6EDB0DBE-FA16-4EC5-8CF9-D025CE4EEEA2}.Debug|Any CPU.Build.0 = Debug|x86
		{6EDB0DBE-FA16-4EC5-8CF9-D025CE4EEEA2}.Debug|x64.ActiveCfg = Debug|x64
		{6EDB0DBE-FA16-4EC5-8CF9-D025CE4EEEA2}.Debug|x64.Build.0 = Debug|x64
		{6EDB0DBE-FA16-4EC5-8CF9-D025CE4EEEA2}.Debug|x86.ActiveCfg = Debug|x86
		{6EDB0DBE-FA16-4EC5-8CF9-D025CE4EEEA2}.Debug|x86.Build.0 = Debug|x86
		{6EDB0DBE-FA16-4EC5-8CF9-D025CE4EEEA2}.Release|Any CPU.ActiveCfg = Release|Any CPU
		{6EDB0DBE-FA16-4EC5-8CF9-D025CE4EEEA2}.Release|Any CPU.Build.0 = Release|Any CPU
		{6EDB0DBE-FA16-4EC5-8CF9-D025CE4EEEA2}.Release|x64.ActiveCfg = Release|x64
		{6EDB0DBE-FA16-4EC5-8CF9-D025CE4EEEA2}.Release|x64.Build.0 = Release|x64
		{6EDB0DBE-FA16-4EC5-8CF9-D025CE4EEEA2}.Release|x86.ActiveCfg = Release|Any CPU
		{6EDB0DBE-FA16-4EC5-8CF9-D025CE4EEEA2}.Release|x86.Build.0 = Release|Any CPU
	EndGlobalSection
	GlobalSection(SolutionProperties) = preSolution
		HideSolutionNode = FALSE
	EndGlobalSection
	GlobalSection(ExtensibilityGlobals) = postSolution
		SolutionGuid = {616035D0-8EE1-411A-A8C6-9207317490E9}
	EndGlobalSection
EndGlobal
